
Microsoft Visual Studio Solution File, Format Version 12.00
# Visual Studio Version 16
VisualStudioVersion = 16.0.31005.135
MinimumVisualStudioVersion = 10.0.40219.1
Project("{FAE04EC0-301F-11D3-BF4B-00C04F79EFBC}") = "Web01", "Web01\Web01.csproj", "{2113DC6C-E3CC-4565-AAAA-457AE173396A}"
EndProject
Global
	GlobalSection(SolutionConfigurationPlatforms) = preSolution
		Debug|Any CPU = Debug|Any CPU
		Release|Any CPU = Release|Any CPU
	EndGlobalSection
	GlobalSection(ProjectConfigurationPlatforms) = postSolution
		{2113DC6C-E3CC-4565-AAAA-457AE173396A}.Debug|Any CPU.ActiveCfg = Debug|Any CPU
		{2113DC6C-E3CC-4565-AAAA-457AE173396A}.Debug|Any CPU.Build.0 = Debug|Any CPU
		{2113DC6C-E3CC-4565-AAAA-457AE173396A}.Release|Any CPU.ActiveCfg = Release|Any CPU
		{2113DC6C-E3CC-4565-AAAA-457AE173396A}.Release|Any CPU.Build.0 = Release|Any CPU
	EndGlobalSection
	GlobalSection(SolutionProperties) = preSolution
		HideSolutionNode = FALSE
	EndGlobalSection
	GlobalSection(ExtensibilityGlobals) = postSolution
		SolutionGuid = {0969CDC3-38BE-4223-B1B4-BA4025C21C04}
	EndGlobalSection
EndGlobal
